
Microsoft Visual Studio Solution File, Format Version 12.00
# Visual Studio Version 16
VisualStudioVersion = 16.0.30413.136
MinimumVisualStudioVersion = 10.0.40219.1
Project("{888888A0-9F3D-457C-B088-3A5042F75D52}") = "Tunniiiplaan", "Tunniiiplaan\Tunniiiplaan.pyproj", "{BABAC1A8-588F-4FBC-BCA6-ED483D960374}"
EndProject
Global
	GlobalSection(SolutionConfigurationPlatforms) = preSolution
		Debug|Any CPU = Debug|Any CPU
		Release|Any CPU = Release|Any CPU
	EndGlobalSection
	GlobalSection(ProjectConfigurationPlatforms) = postSolution
		{BABAC1A8-588F-4FBC-BCA6-ED483D960374}.Debug|Any CPU.ActiveCfg = Debug|Any CPU
		{BABAC1A8-588F-4FBC-BCA6-ED483D960374}.Release|Any CPU.ActiveCfg = Release|Any CPU
	EndGlobalSection
	GlobalSection(SolutionProperties) = preSolution
		HideSolutionNode = FALSE
	EndGlobalSection
	GlobalSection(ExtensibilityGlobals) = postSolution
		SolutionGuid = {A8881943-AE06-4BD5-BBE1-A59D971236A8}
	EndGlobalSection
EndGlobal
